// !$*UTF8*$!
{
	archiveVersion = 1;
	classes = {
	};
	objectVersion = 56;
	objects = {

/* Begin PBXBuildFile section */
		B8FE13792C1861D100C13F8F /* BankeyApp.swift in Sources */ = {isa = PBXBuildFile; fileRef = B8FE13782C1861D100C13F8F /* BankeyApp.swift */; };
		B8FE137B2C1861D100C13F8F /* ContentView.swift in Sources */ = {isa = PBXBuildFile; fileRef = B8FE137A2C1861D100C13F8F /* ContentView.swift */; };
		B8FE137D2C1861D200C13F8F /* Assets.xcassets in Resources */ = {isa = PBXBuildFile; fileRef = B8FE137C2C1861D200C13F8F /* Assets.xcassets */; };
		B8FE13802C1861D200C13F8F /* Preview Assets.xcassets in Resources */ = {isa = PBXBuildFile; fileRef = B8FE137F2C1861D200C13F8F /* Preview Assets.xcassets */; };
		B8FE138A2C1861D200C13F8F /* BankeyTests.swift in Sources */ = {isa = PBXBuildFile; fileRef = B8FE13892C1861D200C13F8F /* BankeyTests.swift */; };
		B8FE13942C1861D300C13F8F /* BankeyUITests.swift in Sources */ = {isa = PBXBuildFile; fileRef = B8FE13932C1861D300C13F8F /* BankeyUITests.swift */; };
		B8FE13962C1861D300C13F8F /* BankeyUITestsLaunchTests.swift in Sources */ = {isa = PBXBuildFile; fileRef = B8FE13952C1861D300C13F8F /* BankeyUITestsLaunchTests.swift */; };
		B8FE13A32C1D2E9F00C13F8F /* MainPage.swift in Sources */ = {isa = PBXBuildFile; fileRef = B8FE13A22C1D2E9F00C13F8F /* MainPage.swift */; };
		B8FE13AB2C1EEF8B00C13F8F /* DataModel.swift in Sources */ = {isa = PBXBuildFile; fileRef = B8FE13AA2C1EEF8B00C13F8F /* DataModel.swift */; };
		B8FE13AD2C1EEFE900C13F8F /* InfoView.swift in Sources */ = {isa = PBXBuildFile; fileRef = B8FE13AC2C1EEFE900C13F8F /* InfoView.swift */; };
		B8FE13AF2C218C0200C13F8F /* GiftView.swift in Sources */ = {isa = PBXBuildFile; fileRef = B8FE13AE2C218C0200C13F8F /* GiftView.swift */; };
		B8FE13B12C218F6200C13F8F /* LessonView.swift in Sources */ = {isa = PBXBuildFile; fileRef = B8FE13B02C218F6200C13F8F /* LessonView.swift */; };
		B8FE13B32C21913600C13F8F /* TaskView.swift in Sources */ = {isa = PBXBuildFile; fileRef = B8FE13B22C21913600C13F8F /* TaskView.swift */; };
/* End PBXBuildFile section */

/* Begin PBXContainerItemProxy section */
		B8FE13862C1861D200C13F8F /* PBXContainerItemProxy */ = {
			isa = PBXContainerItemProxy;
			containerPortal = B8FE136D2C1861D100C13F8F /* Project object */;
			proxyType = 1;
			remoteGlobalIDString = B8FE13742C1861D100C13F8F;
			remoteInfo = Bankey;
		};
		B8FE13902C1861D300C13F8F /* PBXContainerItemProxy */ = {
			isa = PBXContainerItemProxy;
			containerPortal = B8FE136D2C1861D100C13F8F /* Project object */;
			proxyType = 1;
			remoteGlobalIDString = B8FE13742C1861D100C13F8F;
			remoteInfo = Bankey;
		};
/* End PBXContainerItemProxy section */

/* Begin PBXFileReference section */
		B8FE13752C1861D100C13F8F /* Bankey.app */ = {isa = PBXFileReference; explicitFileType = wrapper.application; includeInIndex = 0; path = Bankey.app; sourceTree = BUILT_PRODUCTS_DIR; };
		B8FE13782C1861D100C13F8F /* BankeyApp.swift */ = {isa = PBXFileReference; lastKnownFileType = sourcecode.swift; path = BankeyApp.swift; sourceTree = "<group>"; };
		B8FE137A2C1861D100C13F8F /* ContentView.swift */ = {isa = PBXFileReference; lastKnownFileType = sourcecode.swift; path = ContentView.swift; sourceTree = "<group>"; };
		B8FE137C2C1861D200C13F8F /* Assets.xcassets */ = {isa = PBXFileReference; lastKnownFileType = folder.assetcatalog; path = Assets.xcassets; sourceTree = "<group>"; };
		B8FE137F2C1861D200C13F8F /* Preview Assets.xcassets */ = {isa = PBXFileReference; lastKnownFileType = folder.assetcatalog; path = "Preview Assets.xcassets"; sourceTree = "<group>"; };
		B8FE13852C1861D200C13F8F /* BankeyTests.xctest */ = {isa = PBXFileReference; explicitFileType = wrapper.cfbundle; includeInIndex = 0; path = BankeyTests.xctest; sourceTree = BUILT_PRODUCTS_DIR; };
		B8FE13892C1861D200C13F8F /* BankeyTests.swift */ = {isa = PBXFileReference; lastKnownFileType = sourcecode.swift; path = BankeyTests.swift; sourceTree = "<group>"; };
		B8FE138F2C1861D300C13F8F /* BankeyUITests.xctest */ = {isa = PBXFileReference; explicitFileType = wrapper.cfbundle; includeInIndex = 0; path = BankeyUITests.xctest; sourceTree = BUILT_PRODUCTS_DIR; };
		B8FE13932C1861D300C13F8F /* BankeyUITests.swift */ = {isa = PBXFileReference; lastKnownFileType = sourcecode.swift; path = BankeyUITests.swift; sourceTree = "<group>"; };
		B8FE13952C1861D300C13F8F /* BankeyUITestsLaunchTests.swift */ = {isa = PBXFileReference; lastKnownFileType = sourcecode.swift; path = BankeyUITestsLaunchTests.swift; sourceTree = "<group>"; };
		B8FE13A22C1D2E9F00C13F8F /* MainPage.swift */ = {isa = PBXFileReference; lastKnownFileType = sourcecode.swift; path = MainPage.swift; sourceTree = "<group>"; };
		B8FE13AA2C1EEF8B00C13F8F /* DataModel.swift */ = {isa = PBXFileReference; lastKnownFileType = sourcecode.swift; path = DataModel.swift; sourceTree = "<group>"; };
		B8FE13AC2C1EEFE900C13F8F /* InfoView.swift */ = {isa = PBXFileReference; lastKnownFileType = sourcecode.swift; path = InfoView.swift; sourceTree = "<group>"; };
		B8FE13AE2C218C0200C13F8F /* GiftView.swift */ = {isa = PBXFileReference; lastKnownFileType = sourcecode.swift; path = GiftView.swift; sourceTree = "<group>"; };
		B8FE13B02C218F6200C13F8F /* LessonView.swift */ = {isa = PBXFileReference; lastKnownFileType = sourcecode.swift; path = LessonView.swift; sourceTree = "<group>"; };
		B8FE13B22C21913600C13F8F /* TaskView.swift */ = {isa = PBXFileReference; lastKnownFileType = sourcecode.swift; path = TaskView.swift; sourceTree = "<group>"; };
/* End PBXFileReference section */

/* Begin PBXFrameworksBuildPhase section */
		B8FE13722C1861D100C13F8F /* Frameworks */ = {
			isa = PBXFrameworksBuildPhase;
			buildActionMask = 2147483647;
			files = (
			);
			runOnlyForDeploymentPostprocessing = 0;
		};
		B8FE13822C1861D200C13F8F /* Frameworks */ = {
			isa = PBXFrameworksBuildPhase;
			buildActionMask = 2147483647;
			files = (
			);
			runOnlyForDeploymentPostprocessing = 0;
		};
		B8FE138C2C1861D300C13F8F /* Frameworks */ = {
			isa = PBXFrameworksBuildPhase;
			buildActionMask = 2147483647;
			files = (
			);
			runOnlyForDeploymentPostprocessing = 0;
		};
/* End PBXFrameworksBuildPhase section */

/* Begin PBXGroup section */
		B8FE136C2C1861D100C13F8F = {
			isa = PBXGroup;
			children = (
				B8FE13772C1861D100C13F8F /* Bankey */,
				B8FE13882C1861D200C13F8F /* BankeyTests */,
				B8FE13922C1861D300C13F8F /* BankeyUITests */,
				B8FE13762C1861D100C13F8F /* Products */,
			);
			sourceTree = "<group>";
		};
		B8FE13762C1861D100C13F8F /* Products */ = {
			isa = PBXGroup;
			children = (
				B8FE13752C1861D100C13F8F /* Bankey.app */,
				B8FE13852C1861D200C13F8F /* BankeyTests.xctest */,
				B8FE138F2C1861D300C13F8F /* BankeyUITests.xctest */,
			);
			name = Products;
			sourceTree = "<group>";
		};
		B8FE13772C1861D100C13F8F /* Bankey */ = {
			isa = PBXGroup;
			children = (
				B8FE13782C1861D100C13F8F /* BankeyApp.swift */,
				B8FE137A2C1861D100C13F8F /* ContentView.swift */,
				B8FE13A22C1D2E9F00C13F8F /* MainPage.swift */,
				B8FE137C2C1861D200C13F8F /* Assets.xcassets */,
				B8FE137E2C1861D200C13F8F /* Preview Content */,
				B8FE13AA2C1EEF8B00C13F8F /* DataModel.swift */,
				B8FE13AC2C1EEFE900C13F8F /* InfoView.swift */,
				B8FE13AE2C218C0200C13F8F /* GiftView.swift */,
				B8FE13B02C218F6200C13F8F /* LessonView.swift */,
				B8FE13B22C21913600C13F8F /* TaskView.swift */,
			);
			path = Bankey;
			sourceTree = "<group>";
		};
		B8FE137E2C1861D200C13F8F /* Preview Content */ = {
			isa = PBXGroup;
			children = (
				B8FE137F2C1861D200C13F8F /* Preview Assets.xcassets */,
			);
			path = "Preview Content";
			sourceTree = "<group>";
		};
		B8FE13882C1861D200C13F8F /* BankeyTests */ = {
			isa = PBXGroup;
			children = (
				B8FE13892C1861D200C13F8F /* BankeyTests.swift */,
			);
			path = BankeyTests;
			sourceTree = "<group>";
		};
		B8FE13922C1861D300C13F8F /* BankeyUITests */ = {
			isa = PBXGroup;
			children = (
				B8FE13932C1861D300C13F8F /* BankeyUITests.swift */,
				B8FE13952C1861D300C13F8F /* BankeyUITestsLaunchTests.swift */,
			);
			path = BankeyUITests;
			sourceTree = "<group>";
		};
/* End PBXGroup section */

/* Begin PBXNativeTarget section */
		B8FE13742C1861D100C13F8F /* Bankey */ = {
			isa = PBXNativeTarget;
			buildConfigurationList = B8FE13992C1861D300C13F8F /* Build configuration list for PBXNativeTarget "Bankey" */;
			buildPhases = (
				B8FE13712C1861D100C13F8F /* Sources */,
				B8FE13722C1861D100C13F8F /* Frameworks */,
				B8FE13732C1861D100C13F8F /* Resources */,
			);
			buildRules = (
			);
			dependencies = (
			);
			name = Bankey;
			productName = Bankey;
			productReference = B8FE13752C1861D100C13F8F /* Bankey.app */;
			productType = "com.apple.product-type.application";
		};
		B8FE13842C1861D200C13F8F /* BankeyTests */ = {
			isa = PBXNativeTarget;
			buildConfigurationList = B8FE139C2C1861D300C13F8F /* Build configuration list for PBXNativeTarget "BankeyTests" */;
			buildPhases = (
				B8FE13812C1861D200C13F8F /* Sources */,
				B8FE13822C1861D200C13F8F /* Frameworks */,
				B8FE13832C1861D200C13F8F /* Resources */,
			);
			buildRules = (
			);
			dependencies = (
				B8FE13872C1861D200C13F8F /* PBXTargetDependency */,
			);
			name = BankeyTests;
			productName = BankeyTests;
			productReference = B8FE13852C1861D200C13F8F /* BankeyTests.xctest */;
			productType = "com.apple.product-type.bundle.unit-test";
		};
		B8FE138E2C1861D300C13F8F /* BankeyUITests */ = {
			isa = PBXNativeTarget;
			buildConfigurationList = B8FE139F2C1861D300C13F8F /* Build configuration list for PBXNativeTarget "BankeyUITests" */;
			buildPhases = (
				B8FE138B2C1861D300C13F8F /* Sources */,
				B8FE138C2C1861D300C13F8F /* Frameworks */,
				B8FE138D2C1861D300C13F8F /* Resources */,
			);
			buildRules = (
			);
			dependencies = (
				B8FE13912C1861D300C13F8F /* PBXTargetDependency */,
			);
			name = BankeyUITests;
			productName = BankeyUITests;
			productReference = B8FE138F2C1861D300C13F8F /* BankeyUITests.xctest */;
			productType = "com.apple.product-type.bundle.ui-testing";
		};
/* End PBXNativeTarget section */

/* Begin PBXProject section */
		B8FE136D2C1861D100C13F8F /* Project object */ = {
			isa = PBXProject;
			attributes = {
				BuildIndependentTargetsInParallel = 1;
				LastSwiftUpdateCheck = 1530;
				LastUpgradeCheck = 1530;
				TargetAttributes = {
					B8FE13742C1861D100C13F8F = {
						CreatedOnToolsVersion = 15.3;
					};
					B8FE13842C1861D200C13F8F = {
						CreatedOnToolsVersion = 15.3;
						TestTargetID = B8FE13742C1861D100C13F8F;
					};
					B8FE138E2C1861D300C13F8F = {
						CreatedOnToolsVersion = 15.3;
						TestTargetID = B8FE13742C1861D100C13F8F;
					};
				};
			};
			buildConfigurationList = B8FE13702C1861D100C13F8F /* Build configuration list for PBXProject "Bankey" */;
			compatibilityVersion = "Xcode 14.0";
			developmentRegion = en;
			hasScannedForEncodings = 0;
			knownRegions = (
				en,
				Base,
			);
			mainGroup = B8FE136C2C1861D100C13F8F;
			productRefGroup = B8FE13762C1861D100C13F8F /* Products */;
			projectDirPath = "";
			projectRoot = "";
			targets = (
				B8FE13742C1861D100C13F8F /* Bankey */,
				B8FE13842C1861D200C13F8F /* BankeyTests */,
				B8FE138E2C1861D300C13F8F /* BankeyUITests */,
			);
		};
/* End PBXProject section */

/* Begin PBXResourcesBuildPhase section */
		B8FE13732C1861D100C13F8F /* Resources */ = {
			isa = PBXResourcesBuildPhase;
			buildActionMask = 2147483647;
			files = (
				B8FE13802C1861D200C13F8F /* Preview Assets.xcassets in Resources */,
				B8FE137D2C1861D200C13F8F /* Assets.xcassets in Resources */,
			);
			runOnlyForDeploymentPostprocessing = 0;
		};
		B8FE13832C1861D200C13F8F /* Resources */ = {
			isa = PBXResourcesBuildPhase;
			buildActionMask = 2147483647;
			files = (
			);
			runOnlyForDeploymentPostprocessing = 0;
		};
		B8FE138D2C1861D300C13F8F /* Resources */ = {
			isa = PBXResourcesBuildPhase;
			buildActionMask = 2147483647;
			files = (
			);
			runOnlyForDeploymentPostprocessing = 0;
		};
/* End PBXResourcesBuildPhase section */

/* Begin PBXSourcesBuildPhase section */
		B8FE13712C1861D100C13F8F /* Sources */ = {
			isa = PBXSourcesBuildPhase;
			buildActionMask = 2147483647;
			files = (
				B8FE13B12C218F6200C13F8F /* LessonView.swift in Sources */,
				B8FE13AF2C218C0200C13F8F /* GiftView.swift in Sources */,
				B8FE137B2C1861D100C13F8F /* ContentView.swift in Sources */,
				B8FE13792C1861D100C13F8F /* BankeyApp.swift in Sources */,
				B8FE13A32C1D2E9F00C13F8F /* MainPage.swift in Sources */,
				B8FE13AD2C1EEFE900C13F8F /* InfoView.swift in Sources */,
				B8FE13AB2C1EEF8B00C13F8F /* DataModel.swift in Sources */,
				B8FE13B32C21913600C13F8F /* TaskView.swift in Sources */,
			);
			runOnlyForDeploymentPostprocessing = 0;
		};
		B8FE13812C1861D200C13F8F /* Sources */ = {
			isa = PBXSourcesBuildPhase;
			buildActionMask = 2147483647;
			files = (
				B8FE138A2C1861D200C13F8F /* BankeyTests.swift in Sources */,
			);
			runOnlyForDeploymentPostprocessing = 0;
		};
		B8FE138B2C1861D300C13F8F /* Sources */ = {
			isa = PBXSourcesBuildPhase;
			buildActionMask = 2147483647;
			files = (
				B8FE13962C1861D300C13F8F /* BankeyUITestsLaunchTests.swift in Sources */,
				B8FE13942C1861D300C13F8F /* BankeyUITests.swift in Sources */,
			);
			runOnlyForDeploymentPostprocessing = 0;
		};
/* End PBXSourcesBuildPhase section */

/* Begin PBXTargetDependency section */
		B8FE13872C1861D200C13F8F /* PBXTargetDependency */ = {
			isa = PBXTargetDependency;
			target = B8FE13742C1861D100C13F8F /* Bankey */;
			targetProxy = B8FE13862C1861D200C13F8F /* PBXContainerItemProxy */;
		};
		B8FE13912C1861D300C13F8F /* PBXTargetDependency */ = {
			isa = PBXTargetDependency;
			target = B8FE13742C1861D100C13F8F /* Bankey */;
			targetProxy = B8FE13902C1861D300C13F8F /* PBXContainerItemProxy */;
		};
/* End PBXTargetDependency section */

/* Begin XCBuildConfiguration section */
		B8FE13972C1861D300C13F8F /* Debug */ = {
			isa = XCBuildConfiguration;
			buildSettings = {
				ALWAYS_SEARCH_USER_PATHS = NO;
				ASSETCATALOG_COMPILER_GENERATE_SWIFT_ASSET_SYMBOL_EXTENSIONS = YES;
				CLANG_ANALYZER_NONNULL = YES;
				CLANG_ANALYZER_NUMBER_OBJECT_CONVERSION = YES_AGGRESSIVE;
				CLANG_CXX_LANGUAGE_STANDARD = "gnu++20";
				CLANG_ENABLE_MODULES = YES;
				CLANG_ENABLE_OBJC_ARC = YES;
				CLANG_ENABLE_OBJC_WEAK = YES;
				CLANG_WARN_BLOCK_CAPTURE_AUTORELEASING = YES;
				CLANG_WARN_BOOL_CONVERSION = YES;
				CLANG_WARN_COMMA = YES;
				CLANG_WARN_CONSTANT_CONVERSION = YES;
				CLANG_WARN_DEPRECATED_OBJC_IMPLEMENTATIONS = YES;
				CLANG_WARN_DIRECT_OBJC_ISA_USAGE = YES_ERROR;
				CLANG_WARN_DOCUMENTATION_COMMENTS = YES;
				CLANG_WARN_EMPTY_BODY = YES;
				CLANG_WARN_ENUM_CONVERSION = YES;
				CLANG_WARN_INFINITE_RECURSION = YES;
				CLANG_WARN_INT_CONVERSION = YES;
				CLANG_WARN_NON_LITERAL_NULL_CONVERSION = YES;
				CLANG_WARN_OBJC_IMPLICIT_RETAIN_SELF = YES;
				CLANG_WARN_OBJC_LITERAL_CONVERSION = YES;
				CLANG_WARN_OBJC_ROOT_CLASS = YES_ERROR;
				CLANG_WARN_QUOTED_INCLUDE_IN_FRAMEWORK_HEADER = YES;
				CLANG_WARN_RANGE_LOOP_ANALYSIS = YES;
				CLANG_WARN_STRICT_PROTOTYPES = YES;
				CLANG_WARN_SUSPICIOUS_MOVE = YES;
				CLANG_WARN_UNGUARDED_AVAILABILITY = YES_AGGRESSIVE;
				CLANG_WARN_UNREACHABLE_CODE = YES;
				CLANG_WARN__DUPLICATE_METHOD_MATCH = YES;
				COPY_PHASE_STRIP = NO;
				DEBUG_INFORMATION_FORMAT = dwarf;
				ENABLE_STRICT_OBJC_MSGSEND = YES;
				ENABLE_TESTABILITY = YES;
				ENABLE_USER_SCRIPT_SANDBOXING = YES;
				GCC_C_LANGUAGE_STANDARD = gnu17;
				GCC_DYNAMIC_NO_PIC = NO;
				GCC_NO_COMMON_BLOCKS = YES;
				GCC_OPTIMIZATION_LEVEL = 0;
				GCC_PREPROCESSOR_DEFINITIONS = (
					"DEBUG=1",
					"$(inherited)",
				);
				GCC_WARN_64_TO_32_BIT_CONVERSION = YES;
				GCC_WARN_ABOUT_RETURN_TYPE = YES_ERROR;
				GCC_WARN_UNDECLARED_SELECTOR = YES;
				GCC_WARN_UNINITIALIZED_AUTOS = YES_AGGRESSIVE;
				GCC_WARN_UNUSED_FUNCTION = YES;
				GCC_WARN_UNUSED_VARIABLE = YES;
				IPHONEOS_DEPLOYMENT_TARGET = 17.4;
				LOCALIZATION_PREFERS_STRING_CATALOGS = YES;
				MTL_ENABLE_DEBUG_INFO = INCLUDE_SOURCE;
				MTL_FAST_MATH = YES;
				ONLY_ACTIVE_ARCH = YES;
				SDKROOT = iphoneos;
				SWIFT_ACTIVE_COMPILATION_CONDITIONS = "DEBUG $(inherited)";
				SWIFT_OPTIMIZATION_LEVEL = "-Onone";
			};
			name = Debug;
		};
		B8FE13982C1861D300C13F8F /* Release */ = {
			isa = XCBuildConfiguration;
			buildSettings = {
				ALWAYS_SEARCH_USER_PATHS = NO;
				ASSETCATALOG_COMPILER_GENERATE_SWIFT_ASSET_SYMBOL_EXTENSIONS = YES;
				CLANG_ANALYZER_NONNULL = YES;
				CLANG_ANALYZER_NUMBER_OBJECT_CONVERSION = YES_AGGRESSIVE;
				CLANG_CXX_LANGUAGE_STANDARD = "gnu++20";
				CLANG_ENABLE_MODULES = YES;
				CLANG_ENABLE_OBJC_ARC = YES;
				CLANG_ENABLE_OBJC_WEAK = YES;
				CLANG_WARN_BLOCK_CAPTURE_AUTORELEASING = YES;
				CLANG_WARN_BOOL_CONVERSION = YES;
				CLANG_WARN_COMMA = YES;
				CLANG_WARN_CONSTANT_CONVERSION = YES;
				CLANG_WARN_DEPRECATED_OBJC_IMPLEMENTATIONS = YES;
				CLANG_WARN_DIRECT_OBJC_ISA_USAGE = YES_ERROR;
				CLANG_WARN_DOCUMENTATION_COMMENTS = YES;
				CLANG_WARN_EMPTY_BODY = YES;
				CLANG_WARN_ENUM_CONVERSION = YES;
				CLANG_WARN_INFINITE_RECURSION = YES;
				CLANG_WARN_INT_CONVERSION = YES;
				CLANG_WARN_NON_LITERAL_NULL_CONVERSION = YES;
				CLANG_WARN_OBJC_IMPLICIT_RETAIN_SELF = YES;
				CLANG_WARN_OBJC_LITERAL_CONVERSION = YES;
				CLANG_WARN_OBJC_ROOT_CLASS = YES_ERROR;
				CLANG_WARN_QUOTED_INCLUDE_IN_FRAMEWORK_HEADER = YES;
				CLANG_WARN_RANGE_LOOP_ANALYSIS = YES;
				CLANG_WARN_STRICT_PROTOTYPES = YES;
				CLANG_WARN_SUSPICIOUS_MOVE = YES;
				CLANG_WARN_UNGUARDED_AVAILABILITY = YES_AGGRESSIVE;
				CLANG_WARN_UNREACHABLE_CODE = YES;
				CLANG_WARN__DUPLICATE_METHOD_MATCH = YES;
				COPY_PHASE_STRIP = NO;
				DEBUG_INFORMATION_FORMAT = "dwarf-with-dsym";
				ENABLE_NS_ASSERTIONS = NO;
				ENABLE_STRICT_OBJC_MSGSEND = YES;
				ENABLE_USER_SCRIPT_SANDBOXING = YES;
				GCC_C_LANGUAGE_STANDARD = gnu17;
				GCC_NO_COMMON_BLOCKS = YES;
				GCC_WARN_64_TO_32_BIT_CONVERSION = YES;
				GCC_WARN_ABOUT_RETURN_TYPE = YES_ERROR;
				GCC_WARN_UNDECLARED_SELECTOR = YES;
				GCC_WARN_UNINITIALIZED_AUTOS = YES_AGGRESSIVE;
				GCC_WARN_UNUSED_FUNCTION = YES;
				GCC_WARN_UNUSED_VARIABLE = YES;
				IPHONEOS_DEPLOYMENT_TARGET = 17.4;
				LOCALIZATION_PREFERS_STRING_CATALOGS = YES;
				MTL_ENABLE_DEBUG_INFO = NO;
				MTL_FAST_MATH = YES;
				SDKROOT = iphoneos;
				SWIFT_COMPILATION_MODE = wholemodule;
				VALIDATE_PRODUCT = YES;
			};
			name = Release;
		};
		B8FE139A2C1861D300C13F8F /* Debug */ = {
			isa = XCBuildConfiguration;
			buildSettings = {
				ASSETCATALOG_COMPILER_APPICON_NAME = AppIcon;
				ASSETCATALOG_COMPILER_GLOBAL_ACCENT_COLOR_NAME = AccentColor;
				CODE_SIGN_STYLE = Automatic;
				CURRENT_PROJECT_VERSION = 1;
				DEVELOPMENT_ASSET_PATHS = "\"Bankey/Preview Content\"";
				ENABLE_PREVIEWS = YES;
				GENERATE_INFOPLIST_FILE = YES;
				INFOPLIST_KEY_UIApplicationSceneManifest_Generation = YES;
				INFOPLIST_KEY_UIApplicationSupportsIndirectInputEvents = YES;
				INFOPLIST_KEY_UILaunchScreen_Generation = YES;
				INFOPLIST_KEY_UISupportedInterfaceOrientations = "UIInterfaceOrientationLandscapeLeft UIInterfaceOrientationLandscapeRight UIInterfaceOrientationPortrait";
				INFOPLIST_KEY_UISupportedInterfaceOrientations_iPad = "UIInterfaceOrientationLandscapeLeft UIInterfaceOrientationLandscapeRight";
				LD_RUNPATH_SEARCH_PATHS = (
					"$(inherited)",
					"@executable_path/Frameworks",
				);
				MARKETING_VERSION = 1.0;
				PRODUCT_BUNDLE_IDENTIFIER = "-9022022.Bankey";
				PRODUCT_NAME = "$(TARGET_NAME)";
				SWIFT_EMIT_LOC_STRINGS = YES;
				SWIFT_VERSION = 5.0;
				TARGETED_DEVICE_FAMILY = "1,2";
			};
			name = Debug;
		};
		B8FE139B2C1861D300C13F8F /* Release */ = {
			isa = XCBuildConfiguration;
			buildSettings = {
				ASSETCATALOG_COMPILER_APPICON_NAME = AppIcon;
				ASSETCATALOG_COMPILER_GLOBAL_ACCENT_COLOR_NAME = AccentColor;
				CODE_SIGN_STYLE = Automatic;
				CURRENT_PROJECT_VERSION = 1;
				DEVELOPMENT_ASSET_PATHS = "\"Bankey/Preview Content\"";
				ENABLE_PREVIEWS = YES;
				GENERATE_INFOPLIST_FILE = YES;
				INFOPLIST_KEY_UIApplicationSceneManifest_Generation = YES;
				INFOPLIST_KEY_UIApplicationSupportsIndirectInputEvents = YES;
				INFOPLIST_KEY_UILaunchScreen_Generation = YES;
				INFOPLIST_KEY_UISupportedInterfaceOrientations = "UIInterfaceOrientationLandscapeLeft UIInterfaceOrientationLandscapeRight UIInterfaceOrientationPortrait";
				INFOPLIST_KEY_UISupportedInterfaceOrientations_iPad = "UIInterfaceOrientationLandscapeLeft UIInterfaceOrientationLandscapeRight";
				LD_RUNPATH_SEARCH_PATHS = (
					"$(inherited)",
					"@executable_path/Frameworks",
				);
				MARKETING_VERSION = 1.0;
				PRODUCT_BUNDLE_IDENTIFIER = "-9022022.Bankey";
				PRODUCT_NAME = "$(TARGET_NAME)";
				SWIFT_EMIT_LOC_STRINGS = YES;
				SWIFT_VERSION = 5.0;
				TARGETED_DEVICE_FAMILY = "1,2";
			};
			name = Release;
		};
		B8FE139D2C1861D300C13F8F /* Debug */ = {
			isa = XCBuildConfiguration;
			buildSettings = {
				ALWAYS_EMBED_SWIFT_STANDARD_LIBRARIES = YES;
				BUNDLE_LOADER = "$(TEST_HOST)";
				CODE_SIGN_STYLE = Automatic;
				CURRENT_PROJECT_VERSION = 1;
				GENERATE_INFOPLIST_FILE = YES;
				IPHONEOS_DEPLOYMENT_TARGET = 17.4;
				MARKETING_VERSION = 1.0;
				PRODUCT_BUNDLE_IDENTIFIER = "-9022022.BankeyTests";
				PRODUCT_NAME = "$(TARGET_NAME)";
				SWIFT_EMIT_LOC_STRINGS = NO;
				SWIFT_VERSION = 5.0;
				TARGETED_DEVICE_FAMILY = "1,2";
				TEST_HOST = "$(BUILT_PRODUCTS_DIR)/Bankey.app/$(BUNDLE_EXECUTABLE_FOLDER_PATH)/Bankey";
			};
			name = Debug;
		};
		B8FE139E2C1861D300C13F8F /* Release */ = {
			isa = XCBuildConfiguration;
			buildSettings = {
				ALWAYS_EMBED_SWIFT_STANDARD_LIBRARIES = YES;
				BUNDLE_LOADER = "$(TEST_HOST)";
				CODE_SIGN_STYLE = Automatic;
				CURRENT_PROJECT_VERSION = 1;
				GENERATE_INFOPLIST_FILE = YES;
				IPHONEOS_DEPLOYMENT_TARGET = 17.4;
				MARKETING_VERSION = 1.0;
				PRODUCT_BUNDLE_IDENTIFIER = "-9022022.BankeyTests";
				PRODUCT_NAME = "$(TARGET_NAME)";
				SWIFT_EMIT_LOC_STRINGS = NO;
				SWIFT_VERSION = 5.0;
				TARGETED_DEVICE_FAMILY = "1,2";
				TEST_HOST = "$(BUILT_PRODUCTS_DIR)/Bankey.app/$(BUNDLE_EXECUTABLE_FOLDER_PATH)/Bankey";
			};
			name = Release;
		};
		B8FE13A02C1861D300C13F8F /* Debug */ = {
			isa = XCBuildConfiguration;
			buildSettings = {
				ALWAYS_EMBED_SWIFT_STANDARD_LIBRARIES = YES;
				CODE_SIGN_STYLE = Automatic;
				CURRENT_PROJECT_VERSION = 1;
				GENERATE_INFOPLIST_FILE = YES;
				MARKETING_VERSION = 1.0;
				PRODUCT_BUNDLE_IDENTIFIER = "-9022022.BankeyUITests";
				PRODUCT_NAME = "$(TARGET_NAME)";
				SWIFT_EMIT_LOC_STRINGS = NO;
				SWIFT_VERSION = 5.0;
				TARGETED_DEVICE_FAMILY = "1,2";
				TEST_TARGET_NAME = Bankey;
			};
			name = Debug;
		};
		B8FE13A12C1861D300C13F8F /* Release */ = {
			isa = XCBuildConfiguration;
			buildSettings = {
				ALWAYS_EMBED_SWIFT_STANDARD_LIBRARIES = YES;
				CODE_SIGN_STYLE = Automatic;
				CURRENT_PROJECT_VERSION = 1;
				GENERATE_INFOPLIST_FILE = YES;
				MARKETING_VERSION = 1.0;
				PRODUCT_BUNDLE_IDENTIFIER = "-9022022.BankeyUITests";
				PRODUCT_NAME = "$(TARGET_NAME)";
				SWIFT_EMIT_LOC_STRINGS = NO;
				SWIFT_VERSION = 5.0;
				TARGETED_DEVICE_FAMILY = "1,2";
				TEST_TARGET_NAME = Bankey;
			};
			name = Release;
		};
/* End XCBuildConfiguration section */

/* Begin XCConfigurationList section */
		B8FE13702C1861D100C13F8F /* Build configuration list for PBXProject "Bankey" */ = {
			isa = XCConfigurationList;
			buildConfigurations = (
				B8FE13972C1861D300C13F8F /* Debug */,
				B8FE13982C1861D300C13F8F /* Release */,
			);
			defaultConfigurationIsVisible = 0;
			defaultConfigurationName = Release;
		};
		B8FE13992C1861D300C13F8F /* Build configuration list for PBXNativeTarget "Bankey" */ = {
			isa = XCConfigurationList;
			buildConfigurations = (
				B8FE139A2C1861D300C13F8F /* Debug */,
				B8FE139B2C1861D300C13F8F /* Release */,
			);
			defaultConfigurationIsVisible = 0;
			defaultConfigurationName = Release;
		};
		B8FE139C2C1861D300C13F8F /* Build configuration list for PBXNativeTarget "BankeyTests" */ = {
			isa = XCConfigurationList;
			buildConfigurations = (
				B8FE139D2C1861D300C13F8F /* Debug */,
				B8FE139E2C1861D300C13F8F /* Release */,
			);
			defaultConfigurationIsVisible = 0;
			defaultConfigurationName = Release;
		};
		B8FE139F2C1861D300C13F8F /* Build configuration list for PBXNativeTarget "BankeyUITests" */ = {
			isa = XCConfigurationList;
			buildConfigurations = (
				B8FE13A02C1861D300C13F8F /* Debug */,
				B8FE13A12C1861D300C13F8F /* Release */,
			);
			defaultConfigurationIsVisible = 0;
			defaultConfigurationName = Release;
		};
/* End XCConfigurationList section */
	};
	rootObject = B8FE136D2C1861D100C13F8F /* Project object */;
}
